
Microsoft Visual Studio Solution File, Format Version 12.00
# Visual Studio Version 17
VisualStudioVersion = 17.4.33122.133
MinimumVisualStudioVersion = 10.0.40219.1
Project("{FAE04EC0-301F-11D3-BF4B-00C04F79EFBC}") = "SearchService", "SearchService.csproj", "{2DBAC0C2-A258-415C-A357-CCE4DE550D11}"
EndProject
Global
	GlobalSection(SolutionConfigurationPlatforms) = preSolution
		Debug|Any CPU = Debug|Any CPU
		Release|Any CPU = Release|Any CPU
	EndGlobalSection
	GlobalSection(ProjectConfigurationPlatforms) = postSolution
		{2DBAC0C2-A258-415C-A357-CCE4DE550D11}.Debug|Any CPU.ActiveCfg = Debug|Any CPU
		{2DBAC0C2-A258-415C-A357-CCE4DE550D11}.Debug|Any CPU.Build.0 = Debug|Any CPU
		{2DBAC0C2-A258-415C-A357-CCE4DE550D11}.Release|Any CPU.ActiveCfg = Release|Any CPU
		{2DBAC0C2-A258-415C-A357-CCE4DE550D11}.Release|Any CPU.Build.0 = Release|Any CPU
	EndGlobalSection
	GlobalSection(SolutionProperties) = preSolution
		HideSolutionNode = FALSE
	EndGlobalSection
	GlobalSection(ExtensibilityGlobals) = postSolution
		SolutionGuid = {946D14E8-B640-48DB-9719-6C4C3585523E}
	EndGlobalSection
EndGlobal
